// !$*UTF8*$!
{
	archiveVersion = 1;
	classes = {
	};
	objectVersion = 50;
	objects = {

/* Begin PBXBuildFile section */
		B174C96F24F9580100CD4423 /* AppDelegate.swift in Sources */ = {isa = PBXBuildFile; fileRef = B174C96E24F9580100CD4423 /* AppDelegate.swift */; };
		B174C97124F9580100CD4423 /* SceneDelegate.swift in Sources */ = {isa = PBXBuildFile; fileRef = B174C97024F9580100CD4423 /* SceneDelegate.swift */; };
		B174C97324F9580100CD4423 /* ContentView.swift in Sources */ = {isa = PBXBuildFile; fileRef = B174C97224F9580100CD4423 /* ContentView.swift */; };
		B174C97524F9580200CD4423 /* Assets.xcassets in Resources */ = {isa = PBXBuildFile; fileRef = B174C97424F9580200CD4423 /* Assets.xcassets */; };
		B174C97824F9580200CD4423 /* Preview Assets.xcassets in Resources */ = {isa = PBXBuildFile; fileRef = B174C97724F9580200CD4423 /* Preview Assets.xcassets */; };
		B174C97B24F9580200CD4423 /* LaunchScreen.storyboard in Resources */ = {isa = PBXBuildFile; fileRef = B174C97924F9580200CD4423 /* LaunchScreen.storyboard */; };
/* End PBXBuildFile section */

/* Begin PBXFileReference section */
		B174C96B24F9580100CD4423 /* osamu-sample.app */ = {isa = PBXFileReference; explicitFileType = wrapper.application; includeInIndex = 0; path = "osamu-sample.app"; sourceTree = BUILT_PRODUCTS_DIR; };
		B174C96E24F9580100CD4423 /* AppDelegate.swift */ = {isa = PBXFileReference; lastKnownFileType = sourcecode.swift; path = AppDelegate.swift; sourceTree = "<group>"; };
		B174C97024F9580100CD4423 /* SceneDelegate.swift */ = {isa = PBXFileReference; lastKnownFileType = sourcecode.swift; path = SceneDelegate.swift; sourceTree = "<group>"; };
		B174C97224F9580100CD4423 /* ContentView.swift */ = {isa = PBXFileReference; lastKnownFileType = sourcecode.swift; path = ContentView.swift; sourceTree = "<group>"; };
		B174C97424F9580200CD4423 /* Assets.xcassets */ = {isa = PBXFileReference; lastKnownFileType = folder.assetcatalog; path = Assets.xcassets; sourceTree = "<group>"; };
		B174C97724F9580200CD4423 /* Preview Assets.xcassets */ = {isa = PBXFileReference; lastKnownFileType = folder.assetcatalog; path = "Preview Assets.xcassets"; sourceTree = "<group>"; };
		B174C97A24F9580200CD4423 /* Base */ = {isa = PBXFileReference; lastKnownFileType = file.storyboard; name = Base; path = Base.lproj/LaunchScreen.storyboard; sourceTree = "<group>"; };
		B174C97C24F9580200CD4423 /* Info.plist */ = {isa = PBXFileReference; lastKnownFileType = text.plist.xml; path = Info.plist; sourceTree = "<group>"; };
/* End PBXFileReference section */

/* Begin PBXFrameworksBuildPhase section */
		B174C96824F9580100CD4423 /* Frameworks */ = {
			isa = PBXFrameworksBuildPhase;
			buildActionMask = 2147483647;
			files = (
			);
			runOnlyForDeploymentPostprocessing = 0;
		};
/* End PBXFrameworksBuildPhase section */

/* Begin PBXGroup section */
		B174C96224F9580100CD4423 = {
			isa = PBXGroup;
			children = (
				B174C96D24F9580100CD4423 /* osamu-sample */,
				B174C96C24F9580100CD4423 /* Products */,
			);
			sourceTree = "<group>";
		};
		B174C96C24F9580100CD4423 /* Products */ = {
			isa = PBXGroup;
			children = (
				B174C96B24F9580100CD4423 /* osamu-sample.app */,
			);
			name = Products;
			sourceTree = "<group>";
		};
		B174C96D24F9580100CD4423 /* osamu-sample */ = {
			isa = PBXGroup;
			children = (
				B174C96E24F9580100CD4423 /* AppDelegate.swift */,
				B174C97024F9580100CD4423 /* SceneDelegate.swift */,
				B174C97224F9580100CD4423 /* ContentView.swift */,
				B174C97424F9580200CD4423 /* Assets.xcassets */,
				B174C97924F9580200CD4423 /* LaunchScreen.storyboard */,
				B174C97C24F9580200CD4423 /* Info.plist */,
				B174C97624F9580200CD4423 /* Preview Content */,
			);
			path = "osamu-sample";
			sourceTree = "<group>";
		};
		B174C97624F9580200CD4423 /* Preview Content */ = {
			isa = PBXGroup;
			children = (
				B174C97724F9580200CD4423 /* Preview Assets.xcassets */,
			);
			path = "Preview Content";
			sourceTree = "<group>";
		};
/* End PBXGroup section */

/* Begin PBXNativeTarget section */
		B174C96A24F9580100CD4423 /* osamu-sample */ = {
			isa = PBXNativeTarget;
			buildConfigurationList = B174C97F24F9580200CD4423 /* Build configuration list for PBXNativeTarget "osamu-sample" */;
			buildPhases = (
				B174C96724F9580100CD4423 /* Sources */,
				B174C96824F9580100CD4423 /* Frameworks */,
				B174C96924F9580100CD4423 /* Resources */,
			);
			buildRules = (
			);
			dependencies = (
			);
			name = "osamu-sample";
			productName = "osamu-sample";
			productReference = B174C96B24F9580100CD4423 /* osamu-sample.app */;
			productType = "com.apple.product-type.application";
		};
/* End PBXNativeTarget section */

/* Begin PBXProject section */
		B174C96324F9580100CD4423 /* Project object */ = {
			isa = PBXProject;
			attributes = {
				LastSwiftUpdateCheck = 1160;
				LastUpgradeCheck = 1160;
				ORGANIZATIONNAME = "中岡黎";
				TargetAttributes = {
					B174C96A24F9580100CD4423 = {
						CreatedOnToolsVersion = 11.6;
					};
				};
			};
			buildConfigurationList = B174C96624F9580100CD4423 /* Build configuration list for PBXProject "osamu-sample" */;
			compatibilityVersion = "Xcode 9.3";
			developmentRegion = en;
			hasScannedForEncodings = 0;
			knownRegions = (
				en,
				Base,
			);
			mainGroup = B174C96224F9580100CD4423;
			productRefGroup = B174C96C24F9580100CD4423 /* Products */;
			projectDirPath = "";
			projectRoot = "";
			targets = (
				B174C96A24F9580100CD4423 /* osamu-sample */,
			);
		};
/* End PBXProject section */

/* Begin PBXResourcesBuildPhase section */
		B174C96924F9580100CD4423 /* Resources */ = {
			isa = PBXResourcesBuildPhase;
			buildActionMask = 2147483647;
			files = (
				B174C97B24F9580200CD4423 /* LaunchScreen.storyboard in Resources */,
				B174C97824F9580200CD4423 /* Preview Assets.xcassets in Resources */,
				B174C97524F9580200CD4423 /* Assets.xcassets in Resources */,
			);
			runOnlyForDeploymentPostprocessing = 0;
		};
/* End PBXResourcesBuildPhase section */

/* Begin PBXSourcesBuildPhase section */
		B174C96724F9580100CD4423 /* Sources */ = {
			isa = PBXSourcesBuildPhase;
			buildActionMask = 2147483647;
			files = (
				B174C96F24F9580100CD4423 /* AppDelegate.swift in Sources */,
				B174C97124F9580100CD4423 /* SceneDelegate.swift in Sources */,
				B174C97324F9580100CD4423 /* ContentView.swift in Sources */,
			);
			runOnlyForDeploymentPostprocessing = 0;
		};
/* End PBXSourcesBuildPhase section */

/* Begin PBXVariantGroup section */
		B174C97924F9580200CD4423 /* LaunchScreen.storyboard */ = {
			isa = PBXVariantGroup;
			children = (
				B174C97A24F9580200CD4423 /* Base */,
			);
			name = LaunchScreen.storyboard;
			sourceTree = "<group>";
		};
/* End PBXVariantGroup section */

/* Begin XCBuildConfiguration section */
		B174C97D24F9580200CD4423 /* Debug */ = {
			isa = XCBuildConfiguration;
			buildSettings = {
				ALWAYS_SEARCH_USER_PATHS = NO;
				CLANG_ANALYZER_NONNULL = YES;
				CLANG_ANALYZER_NUMBER_OBJECT_CONVERSION = YES_AGGRESSIVE;
				CLANG_CXX_LANGUAGE_STANDARD = "gnu++14";
				CLANG_CXX_LIBRARY = "libc++";
				CLANG_ENABLE_MODULES = YES;
				CLANG_ENABLE_OBJC_ARC = YES;
				CLANG_ENABLE_OBJC_WEAK = YES;
				CLANG_WARN_BLOCK_CAPTURE_AUTORELEASING = YES;
				CLANG_WARN_BOOL_CONVERSION = YES;
				CLANG_WARN_COMMA = YES;
				CLANG_WARN_CONSTANT_CONVERSION = YES;
				CLANG_WARN_DEPRECATED_OBJC_IMPLEMENTATIONS = YES;
				CLANG_WARN_DIRECT_OBJC_ISA_USAGE = YES_ERROR;
				CLANG_WARN_DOCUMENTATION_COMMENTS = YES;
				CLANG_WARN_EMPTY_BODY = YES;
				CLANG_WARN_ENUM_CONVERSION = YES;
				CLANG_WARN_INFINITE_RECURSION = YES;
				CLANG_WARN_INT_CONVERSION = YES;
				CLANG_WARN_NON_LITERAL_NULL_CONVERSION = YES;
				CLANG_WARN_OBJC_IMPLICIT_RETAIN_SELF = YES;
				CLANG_WARN_OBJC_LITERAL_CONVERSION = YES;
				CLANG_WARN_OBJC_ROOT_CLASS = YES_ERROR;
				CLANG_WARN_RANGE_LOOP_ANALYSIS = YES;
				CLANG_WARN_STRICT_PROTOTYPES = YES;
				CLANG_WARN_SUSPICIOUS_MOVE = YES;
				CLANG_WARN_UNGUARDED_AVAILABILITY = YES_AGGRESSIVE;
				CLANG_WARN_UNREACHABLE_CODE = YES;
				CLANG_WARN__DUPLICATE_METHOD_MATCH = YES;
				COPY_PHASE_STRIP = NO;
				DEBUG_INFORMATION_FORMAT = dwarf;
				ENABLE_STRICT_OBJC_MSGSEND = YES;
				ENABLE_TESTABILITY = YES;
				GCC_C_LANGUAGE_STANDARD = gnu11;
				GCC_DYNAMIC_NO_PIC = NO;
				GCC_NO_COMMON_BLOCKS = YES;
				GCC_OPTIMIZATION_LEVEL = 0;
				GCC_PREPROCESSOR_DEFINITIONS = (
					"DEBUG=1",
					"$(inherited)",
				);
				GCC_WARN_64_TO_32_BIT_CONVERSION = YES;
				GCC_WARN_ABOUT_RETURN_TYPE = YES_ERROR;
				GCC_WARN_UNDECLARED_SELECTOR = YES;
				GCC_WARN_UNINITIALIZED_AUTOS = YES_AGGRESSIVE;
				GCC_WARN_UNUSED_FUNCTION = YES;
				GCC_WARN_UNUSED_VARIABLE = YES;
				IPHONEOS_DEPLOYMENT_TARGET = 13.6;
				MTL_ENABLE_DEBUG_INFO = INCLUDE_SOURCE;
				MTL_FAST_MATH = YES;
				ONLY_ACTIVE_ARCH = YES;
				SDKROOT = iphoneos;
				SWIFT_ACTIVE_COMPILATION_CONDITIONS = DEBUG;
				SWIFT_OPTIMIZATION_LEVEL = "-Onone";
			};
			name = Debug;
		};
		B174C97E24F9580200CD4423 /* Release */ = {
			isa = XCBuildConfiguration;
			buildSettings = {
				ALWAYS_SEARCH_USER_PATHS = NO;
				CLANG_ANALYZER_NONNULL = YES;
				CLANG_ANALYZER_NUMBER_OBJECT_CONVERSION = YES_AGGRESSIVE;
				CLANG_CXX_LANGUAGE_STANDARD = "gnu++14";
				CLANG_CXX_LIBRARY = "libc++";
				CLANG_ENABLE_MODULES = YES;
				CLANG_ENABLE_OBJC_ARC = YES;
				CLANG_ENABLE_OBJC_WEAK = YES;
				CLANG_WARN_BLOCK_CAPTURE_AUTORELEASING = YES;
				CLANG_WARN_BOOL_CONVERSION = YES;
				CLANG_WARN_COMMA = YES;
				CLANG_WARN_CONSTANT_CONVERSION = YES;
				CLANG_WARN_DEPRECATED_OBJC_IMPLEMENTATIONS = YES;
				CLANG_WARN_DIRECT_OBJC_ISA_USAGE = YES_ERROR;
				CLANG_WARN_DOCUMENTATION_COMMENTS = YES;
				CLANG_WARN_EMPTY_BODY = YES;
				CLANG_WARN_ENUM_CONVERSION = YES;
				CLANG_WARN_INFINITE_RECURSION = YES;
				CLANG_WARN_INT_CONVERSION = YES;
				CLANG_WARN_NON_LITERAL_NULL_CONVERSION = YES;
				CLANG_WARN_OBJC_IMPLICIT_RETAIN_SELF = YES;
				CLANG_WARN_OBJC_LITERAL_CONVERSION = YES;
				CLANG_WARN_OBJC_ROOT_CLASS = YES_ERROR;
				CLANG_WARN_RANGE_LOOP_ANALYSIS = YES;
				CLANG_WARN_STRICT_PROTOTYPES = YES;
				CLANG_WARN_SUSPICIOUS_MOVE = YES;
				CLANG_WARN_UNGUARDED_AVAILABILITY = YES_AGGRESSIVE;
				CLANG_WARN_UNREACHABLE_CODE = YES;
				CLANG_WARN__DUPLICATE_METHOD_MATCH = YES;
				COPY_PHASE_STRIP = NO;
				DEBUG_INFORMATION_FORMAT = "dwarf-with-dsym";
				ENABLE_NS_ASSERTIONS = NO;
				ENABLE_STRICT_OBJC_MSGSEND = YES;
				GCC_C_LANGUAGE_STANDARD = gnu11;
				GCC_NO_COMMON_BLOCKS = YES;
				GCC_WARN_64_TO_32_BIT_CONVERSION = YES;
				GCC_WARN_ABOUT_RETURN_TYPE = YES_ERROR;
				GCC_WARN_UNDECLARED_SELECTOR = YES;
				GCC_WARN_UNINITIALIZED_AUTOS = YES_AGGRESSIVE;
				GCC_WARN_UNUSED_FUNCTION = YES;
				GCC_WARN_UNUSED_VARIABLE = YES;
				IPHONEOS_DEPLOYMENT_TARGET = 13.6;
				MTL_ENABLE_DEBUG_INFO = NO;
				MTL_FAST_MATH = YES;
				SDKROOT = iphoneos;
				SWIFT_COMPILATION_MODE = wholemodule;
				SWIFT_OPTIMIZATION_LEVEL = "-O";
				VALIDATE_PRODUCT = YES;
			};
			name = Release;
		};
		B174C98024F9580200CD4423 /* Debug */ = {
			isa = XCBuildConfiguration;
			buildSettings = {
				ASSETCATALOG_COMPILER_APPICON_NAME = AppIcon;
				CODE_SIGN_STYLE = Automatic;
				DEVELOPMENT_ASSET_PATHS = "\"osamu-sample/Preview Content\"";
				DEVELOPMENT_TEAM = 7ZJJ7KR6WA;
				ENABLE_PREVIEWS = YES;
				INFOPLIST_FILE = "osamu-sample/Info.plist";
				LD_RUNPATH_SEARCH_PATHS = (
					"$(inherited)",
					"@executable_path/Frameworks",
				);
				PRODUCT_BUNDLE_IDENTIFIER = "com.rei.nakaoka.osamu-sample";
				PRODUCT_NAME = "$(TARGET_NAME)";
				SWIFT_VERSION = 5.0;
				TARGETED_DEVICE_FAMILY = "1,2";
			};
			name = Debug;
		};
		B174C98124F9580200CD4423 /* Release */ = {
			isa = XCBuildConfiguration;
			buildSettings = {
				ASSETCATALOG_COMPILER_APPICON_NAME = AppIcon;
				CODE_SIGN_STYLE = Automatic;
				DEVELOPMENT_ASSET_PATHS = "\"osamu-sample/Preview Content\"";
				DEVELOPMENT_TEAM = 7ZJJ7KR6WA;
				ENABLE_PREVIEWS = YES;
				INFOPLIST_FILE = "osamu-sample/Info.plist";
				LD_RUNPATH_SEARCH_PATHS = (
					"$(inherited)",
					"@executable_path/Frameworks",
				);
				PRODUCT_BUNDLE_IDENTIFIER = "com.rei.nakaoka.osamu-sample";
				PRODUCT_NAME = "$(TARGET_NAME)";
				SWIFT_VERSION = 5.0;
				TARGETED_DEVICE_FAMILY = "1,2";
			};
			name = Release;
		};
/* End XCBuildConfiguration section */

/* Begin XCConfigurationList section */
		B174C96624F9580100CD4423 /* Build configuration list for PBXProject "osamu-sample" */ = {
			isa = XCConfigurationList;
			buildConfigurations = (
				B174C97D24F9580200CD4423 /* Debug */,
				B174C97E24F9580200CD4423 /* Release */,
			);
			defaultConfigurationIsVisible = 0;
			defaultConfigurationName = Release;
		};
		B174C97F24F9580200CD4423 /* Build configuration list for PBXNativeTarget "osamu-sample" */ = {
			isa = XCConfigurationList;
			buildConfigurations = (
				B174C98024F9580200CD4423 /* Debug */,
				B174C98124F9580200CD4423 /* Release */,
			);
			defaultConfigurationIsVisible = 0;
			defaultConfigurationName = Release;
		};
/* End XCConfigurationList section */
	};
	rootObject = B174C96324F9580100CD4423 /* Project object */;
}
